
Microsoft Visual Studio Solution File, Format Version 12.00
# Visual Studio Version 17
VisualStudioVersion = 17.13.35716.79 d17.13
MinimumVisualStudioVersion = 10.0.40219.1
Project("{FAE04EC0-301F-11D3-BF4B-00C04F79EFBC}") = "SigerengWeb", "SigerengWeb\SigerengWeb.csproj", "{8346AD9C-4A9B-4157-820F-B30E50E82ED9}"
EndProject
Global
	GlobalSection(SolutionConfigurationPlatforms) = preSolution
		Debug|Any CPU = Debug|Any CPU
		Release|Any CPU = Release|Any CPU
	EndGlobalSection
	GlobalSection(ProjectConfigurationPlatforms) = postSolution
		{8346AD9C-4A9B-4157-820F-B30E50E82ED9}.Debug|Any CPU.ActiveCfg = Debug|Any CPU
		{8346AD9C-4A9B-4157-820F-B30E50E82ED9}.Debug|Any CPU.Build.0 = Debug|Any CPU
		{8346AD9C-4A9B-4157-820F-B30E50E82ED9}.Release|Any CPU.ActiveCfg = Release|Any CPU
		{8346AD9C-4A9B-4157-820F-B30E50E82ED9}.Release|Any CPU.Build.0 = Release|Any CPU
	EndGlobalSection
	GlobalSection(SolutionProperties) = preSolution
		HideSolutionNode = FALSE
	EndGlobalSection
	GlobalSection(ExtensibilityGlobals) = postSolution
		SolutionGuid = {8EC58B32-4C16-4337-9A66-0A03B759B4DA}
	EndGlobalSection
EndGlobal
